<Solution>
  <Project Path="Exchange.App/Exchange.App.csproj" Id="fb6cc2a1-e0a7-47fa-9086-42e90c5b91d4">
    <Deploy Solution="Debug|*" />
  </Project>
  <Project Path="Exchange.Domain/Exchange.Domain.csproj" Id="aadbf2ca-c0a1-4be1-880f-38f7878d1f45" />
  <Project Path="Exchange.Services/Exchange.Services.csproj" Id="569853ec-8290-4d34-a20f-c0d7e524c343" />
  <Project Path="Exchange.Shared/Exchange.Shared.csproj" Id="3af8e3e1-881c-4a28-9031-3a86845d8159" />
  <Project Path="Exchange.WebAPI/Exchange.WebAPI.csproj" Id="c08140d0-6c61-4cda-8dce-70fc52b1c862" />
</Solution>
